// !$*UTF8*$!
{
	archiveVersion = 1;
	classes = {
	};
	objectVersion = 55;
	objects = {

/* Begin PBXBuildFile section */
		674B8EF128B248F0003C47B1 /* Model.swift in Sources */ = {isa = PBXBuildFile; fileRef = 674B8EF028B248F0003C47B1 /* Model.swift */; };
		674B8F2228B2996E003C47B1 /* CardView.swift in Sources */ = {isa = PBXBuildFile; fileRef = 674B8F2128B2996E003C47B1 /* CardView.swift */; };
		674B8F2428B29EF1003C47B1 /* Utils.swift in Sources */ = {isa = PBXBuildFile; fileRef = 674B8F2328B29EF1003C47B1 /* Utils.swift */; };
		67555EFE28B00EBE00177F82 /* PokeTaskApp.swift in Sources */ = {isa = PBXBuildFile; fileRef = 67555EFD28B00EBE00177F82 /* PokeTaskApp.swift */; };
		67555F0028B00EBE00177F82 /* ContentView.swift in Sources */ = {isa = PBXBuildFile; fileRef = 67555EFF28B00EBE00177F82 /* ContentView.swift */; };
		67555F0228B00EBF00177F82 /* Assets.xcassets in Resources */ = {isa = PBXBuildFile; fileRef = 67555F0128B00EBF00177F82 /* Assets.xcassets */; };
		67555F0528B00EBF00177F82 /* Preview Assets.xcassets in Resources */ = {isa = PBXBuildFile; fileRef = 67555F0428B00EBF00177F82 /* Preview Assets.xcassets */; };
		67555F0C28B00EF500177F82 /* PokemonViewModel.swift in Sources */ = {isa = PBXBuildFile; fileRef = 67555F0B28B00EF500177F82 /* PokemonViewModel.swift */; };
/* End PBXBuildFile section */

/* Begin PBXFileReference section */
		674B8EF028B248F0003C47B1 /* Model.swift */ = {isa = PBXFileReference; lastKnownFileType = sourcecode.swift; path = Model.swift; sourceTree = "<group>"; };
		674B8EF328B29304003C47B1 /* SFCompactRounded-Regular.ttf */ = {isa = PBXFileReference; lastKnownFileType = file; path = "SFCompactRounded-Regular.ttf"; sourceTree = "<group>"; };
		674B8EF428B29311003C47B1 /* SFCompactRounded-Medium.ttf */ = {isa = PBXFileReference; lastKnownFileType = file; path = "SFCompactRounded-Medium.ttf"; sourceTree = "<group>"; };
		674B8EF528B29369003C47B1 /* Info.plist */ = {isa = PBXFileReference; lastKnownFileType = text.plist; path = Info.plist; sourceTree = "<group>"; };
		674B8EF628B294C3003C47B1 /* SFCompactRounded-Heavy.ttf */ = {isa = PBXFileReference; lastKnownFileType = file; path = "SFCompactRounded-Heavy.ttf"; sourceTree = "<group>"; };
		674B8F2128B2996E003C47B1 /* CardView.swift */ = {isa = PBXFileReference; lastKnownFileType = sourcecode.swift; path = CardView.swift; sourceTree = "<group>"; };
		674B8F2328B29EF1003C47B1 /* Utils.swift */ = {isa = PBXFileReference; lastKnownFileType = sourcecode.swift; path = Utils.swift; sourceTree = "<group>"; };
		67555EFA28B00EBE00177F82 /* PokemonStat.app */ = {isa = PBXFileReference; explicitFileType = wrapper.application; includeInIndex = 0; path = PokemonStat.app; sourceTree = BUILT_PRODUCTS_DIR; };
		67555EFD28B00EBE00177F82 /* PokeTaskApp.swift */ = {isa = PBXFileReference; lastKnownFileType = sourcecode.swift; path = PokeTaskApp.swift; sourceTree = "<group>"; };
		67555EFF28B00EBE00177F82 /* ContentView.swift */ = {isa = PBXFileReference; lastKnownFileType = sourcecode.swift; path = ContentView.swift; sourceTree = "<group>"; };
		67555F0128B00EBF00177F82 /* Assets.xcassets */ = {isa = PBXFileReference; lastKnownFileType = folder.assetcatalog; path = Assets.xcassets; sourceTree = "<group>"; };
		67555F0428B00EBF00177F82 /* Preview Assets.xcassets */ = {isa = PBXFileReference; lastKnownFileType = folder.assetcatalog; path = "Preview Assets.xcassets"; sourceTree = "<group>"; };
		67555F0B28B00EF500177F82 /* PokemonViewModel.swift */ = {isa = PBXFileReference; lastKnownFileType = sourcecode.swift; path = PokemonViewModel.swift; sourceTree = "<group>"; };
/* End PBXFileReference section */

/* Begin PBXFrameworksBuildPhase section */
		67555EF728B00EBE00177F82 /* Frameworks */ = {
			isa = PBXFrameworksBuildPhase;
			buildActionMask = 2147483647;
			files = (
			);
			runOnlyForDeploymentPostprocessing = 0;
		};
/* End PBXFrameworksBuildPhase section */

/* Begin PBXGroup section */
		674B8EF228B292F2003C47B1 /* Fonts */ = {
			isa = PBXGroup;
			children = (
				674B8F2028B2967D003C47B1 /* SFCompacts */,
			);
			path = Fonts;
			sourceTree = "<group>";
		};
		674B8F2028B2967D003C47B1 /* SFCompacts */ = {
			isa = PBXGroup;
			children = (
				674B8EF328B29304003C47B1 /* SFCompactRounded-Regular.ttf */,
				674B8EF428B29311003C47B1 /* SFCompactRounded-Medium.ttf */,
				674B8EF628B294C3003C47B1 /* SFCompactRounded-Heavy.ttf */,
			);
			path = SFCompacts;
			sourceTree = "<group>";
		};
		674B8F2528B2A175003C47B1 /* Utils */ = {
			isa = PBXGroup;
			children = (
				674B8EF228B292F2003C47B1 /* Fonts */,
				674B8EF028B248F0003C47B1 /* Model.swift */,
				674B8F2328B29EF1003C47B1 /* Utils.swift */,
			);
			path = Utils;
			sourceTree = "<group>";
		};
		674B8F2628B2A18A003C47B1 /* View */ = {
			isa = PBXGroup;
			children = (
				67555EFF28B00EBE00177F82 /* ContentView.swift */,
				674B8F2128B2996E003C47B1 /* CardView.swift */,
			);
			path = View;
			sourceTree = "<group>";
		};
		674B8F2728B2A195003C47B1 /* ViewModel */ = {
			isa = PBXGroup;
			children = (
				67555F0B28B00EF500177F82 /* PokemonViewModel.swift */,
			);
			path = ViewModel;
			sourceTree = "<group>";
		};
		67555EF128B00EBE00177F82 = {
			isa = PBXGroup;
			children = (
				67555EFC28B00EBE00177F82 /* PokemonStat */,
				67555EFB28B00EBE00177F82 /* Products */,
			);
			sourceTree = "<group>";
		};
		67555EFB28B00EBE00177F82 /* Products */ = {
			isa = PBXGroup;
			children = (
				67555EFA28B00EBE00177F82 /* PokemonStat.app */,
			);
			name = Products;
			sourceTree = "<group>";
		};
		67555EFC28B00EBE00177F82 /* PokemonStat */ = {
			isa = PBXGroup;
			children = (
				674B8F2528B2A175003C47B1 /* Utils */,
				674B8F2628B2A18A003C47B1 /* View */,
				674B8F2728B2A195003C47B1 /* ViewModel */,
				67555EFD28B00EBE00177F82 /* PokeTaskApp.swift */,
				674B8EF528B29369003C47B1 /* Info.plist */,
				67555F0128B00EBF00177F82 /* Assets.xcassets */,
				67555F0328B00EBF00177F82 /* Preview Content */,
			);
			path = PokemonStat;
			sourceTree = "<group>";
		};
		67555F0328B00EBF00177F82 /* Preview Content */ = {
			isa = PBXGroup;
			children = (
				67555F0428B00EBF00177F82 /* Preview Assets.xcassets */,
			);
			path = "Preview Content";
			sourceTree = "<group>";
		};
/* End PBXGroup section */

/* Begin PBXNativeTarget section */
		67555EF928B00EBE00177F82 /* PokemonStat */ = {
			isa = PBXNativeTarget;
			buildConfigurationList = 67555F0828B00EBF00177F82 /* Build configuration list for PBXNativeTarget "PokemonStat" */;
			buildPhases = (
				67555EF628B00EBE00177F82 /* Sources */,
				67555EF728B00EBE00177F82 /* Frameworks */,
				67555EF828B00EBE00177F82 /* Resources */,
			);
			buildRules = (
			);
			dependencies = (
			);
			name = PokemonStat;
			productName = PokeTask;
			productReference = 67555EFA28B00EBE00177F82 /* PokemonStat.app */;
			productType = "com.apple.product-type.application";
		};
/* End PBXNativeTarget section */

/* Begin PBXProject section */
		67555EF228B00EBE00177F82 /* Project object */ = {
			isa = PBXProject;
			attributes = {
				BuildIndependentTargetsInParallel = 1;
				LastSwiftUpdateCheck = 1340;
				LastUpgradeCheck = 1340;
				TargetAttributes = {
					67555EF928B00EBE00177F82 = {
						CreatedOnToolsVersion = 13.4.1;
					};
				};
			};
			buildConfigurationList = 67555EF528B00EBE00177F82 /* Build configuration list for PBXProject "PokemonStat" */;
			compatibilityVersion = "Xcode 13.0";
			developmentRegion = en;
			hasScannedForEncodings = 0;
			knownRegions = (
				en,
				Base,
			);
			mainGroup = 67555EF128B00EBE00177F82;
			productRefGroup = 67555EFB28B00EBE00177F82 /* Products */;
			projectDirPath = "";
			projectRoot = "";
			targets = (
				67555EF928B00EBE00177F82 /* PokemonStat */,
			);
		};
/* End PBXProject section */

/* Begin PBXResourcesBuildPhase section */
		67555EF828B00EBE00177F82 /* Resources */ = {
			isa = PBXResourcesBuildPhase;
			buildActionMask = 2147483647;
			files = (
				67555F0528B00EBF00177F82 /* Preview Assets.xcassets in Resources */,
				67555F0228B00EBF00177F82 /* Assets.xcassets in Resources */,
			);
			runOnlyForDeploymentPostprocessing = 0;
		};
/* End PBXResourcesBuildPhase section */

/* Begin PBXSourcesBuildPhase section */
		67555EF628B00EBE00177F82 /* Sources */ = {
			isa = PBXSourcesBuildPhase;
			buildActionMask = 2147483647;
			files = (
				67555F0C28B00EF500177F82 /* PokemonViewModel.swift in Sources */,
				674B8F2428B29EF1003C47B1 /* Utils.swift in Sources */,
				67555F0028B00EBE00177F82 /* ContentView.swift in Sources */,
				67555EFE28B00EBE00177F82 /* PokeTaskApp.swift in Sources */,
				674B8EF128B248F0003C47B1 /* Model.swift in Sources */,
				674B8F2228B2996E003C47B1 /* CardView.swift in Sources */,
			);
			runOnlyForDeploymentPostprocessing = 0;
		};
/* End PBXSourcesBuildPhase section */

/* Begin XCBuildConfiguration section */
		67555F0628B00EBF00177F82 /* Debug */ = {
			isa = XCBuildConfiguration;
			buildSettings = {
				ALWAYS_SEARCH_USER_PATHS = NO;
				CLANG_ANALYZER_NONNULL = YES;
				CLANG_ANALYZER_NUMBER_OBJECT_CONVERSION = YES_AGGRESSIVE;
				CLANG_CXX_LANGUAGE_STANDARD = "gnu++17";
				CLANG_ENABLE_MODULES = YES;
				CLANG_ENABLE_OBJC_ARC = YES;
				CLANG_ENABLE_OBJC_WEAK = YES;
				CLANG_WARN_BLOCK_CAPTURE_AUTORELEASING = YES;
				CLANG_WARN_BOOL_CONVERSION = YES;
				CLANG_WARN_COMMA = YES;
				CLANG_WARN_CONSTANT_CONVERSION = YES;
				CLANG_WARN_DEPRECATED_OBJC_IMPLEMENTATIONS = YES;
				CLANG_WARN_DIRECT_OBJC_ISA_USAGE = YES_ERROR;
				CLANG_WARN_DOCUMENTATION_COMMENTS = YES;
				CLANG_WARN_EMPTY_BODY = YES;
				CLANG_WARN_ENUM_CONVERSION = YES;
				CLANG_WARN_INFINITE_RECURSION = YES;
				CLANG_WARN_INT_CONVERSION = YES;
				CLANG_WARN_NON_LITERAL_NULL_CONVERSION = YES;
				CLANG_WARN_OBJC_IMPLICIT_RETAIN_SELF = YES;
				CLANG_WARN_OBJC_LITERAL_CONVERSION = YES;
				CLANG_WARN_OBJC_ROOT_CLASS = YES_ERROR;
				CLANG_WARN_QUOTED_INCLUDE_IN_FRAMEWORK_HEADER = YES;
				CLANG_WARN_RANGE_LOOP_ANALYSIS = YES;
				CLANG_WARN_STRICT_PROTOTYPES = YES;
				CLANG_WARN_SUSPICIOUS_MOVE = YES;
				CLANG_WARN_UNGUARDED_AVAILABILITY = YES_AGGRESSIVE;
				CLANG_WARN_UNREACHABLE_CODE = YES;
				CLANG_WARN__DUPLICATE_METHOD_MATCH = YES;
				COPY_PHASE_STRIP = NO;
				DEBUG_INFORMATION_FORMAT = dwarf;
				ENABLE_STRICT_OBJC_MSGSEND = YES;
				ENABLE_TESTABILITY = YES;
				GCC_C_LANGUAGE_STANDARD = gnu11;
				GCC_DYNAMIC_NO_PIC = NO;
				GCC_NO_COMMON_BLOCKS = YES;
				GCC_OPTIMIZATION_LEVEL = 0;
				GCC_PREPROCESSOR_DEFINITIONS = (
					"DEBUG=1",
					"$(inherited)",
				);
				GCC_WARN_64_TO_32_BIT_CONVERSION = YES;
				GCC_WARN_ABOUT_RETURN_TYPE = YES_ERROR;
				GCC_WARN_UNDECLARED_SELECTOR = YES;
				GCC_WARN_UNINITIALIZED_AUTOS = YES_AGGRESSIVE;
				GCC_WARN_UNUSED_FUNCTION = YES;
				GCC_WARN_UNUSED_VARIABLE = YES;
				IPHONEOS_DEPLOYMENT_TARGET = 15.0;
				MTL_ENABLE_DEBUG_INFO = INCLUDE_SOURCE;
				MTL_FAST_MATH = YES;
				ONLY_ACTIVE_ARCH = YES;
				SDKROOT = iphoneos;
				SWIFT_ACTIVE_COMPILATION_CONDITIONS = DEBUG;
				SWIFT_OPTIMIZATION_LEVEL = "-Onone";
			};
			name = Debug;
		};
		67555F0728B00EBF00177F82 /* Release */ = {
			isa = XCBuildConfiguration;
			buildSettings = {
				ALWAYS_SEARCH_USER_PATHS = NO;
				CLANG_ANALYZER_NONNULL = YES;
				CLANG_ANALYZER_NUMBER_OBJECT_CONVERSION = YES_AGGRESSIVE;
				CLANG_CXX_LANGUAGE_STANDARD = "gnu++17";
				CLANG_ENABLE_MODULES = YES;
				CLANG_ENABLE_OBJC_ARC = YES;
				CLANG_ENABLE_OBJC_WEAK = YES;
				CLANG_WARN_BLOCK_CAPTURE_AUTORELEASING = YES;
				CLANG_WARN_BOOL_CONVERSION = YES;
				CLANG_WARN_COMMA = YES;
				CLANG_WARN_CONSTANT_CONVERSION = YES;
				CLANG_WARN_DEPRECATED_OBJC_IMPLEMENTATIONS = YES;
				CLANG_WARN_DIRECT_OBJC_ISA_USAGE = YES_ERROR;
				CLANG_WARN_DOCUMENTATION_COMMENTS = YES;
				CLANG_WARN_EMPTY_BODY = YES;
				CLANG_WARN_ENUM_CONVERSION = YES;
				CLANG_WARN_INFINITE_RECURSION = YES;
				CLANG_WARN_INT_CONVERSION = YES;
				CLANG_WARN_NON_LITERAL_NULL_CONVERSION = YES;
				CLANG_WARN_OBJC_IMPLICIT_RETAIN_SELF = YES;
				CLANG_WARN_OBJC_LITERAL_CONVERSION = YES;
				CLANG_WARN_OBJC_ROOT_CLASS = YES_ERROR;
				CLANG_WARN_QUOTED_INCLUDE_IN_FRAMEWORK_HEADER = YES;
				CLANG_WARN_RANGE_LOOP_ANALYSIS = YES;
				CLANG_WARN_STRICT_PROTOTYPES = YES;
				CLANG_WARN_SUSPICIOUS_MOVE = YES;
				CLANG_WARN_UNGUARDED_AVAILABILITY = YES_AGGRESSIVE;
				CLANG_WARN_UNREACHABLE_CODE = YES;
				CLANG_WARN__DUPLICATE_METHOD_MATCH = YES;
				COPY_PHASE_STRIP = NO;
				DEBUG_INFORMATION_FORMAT = "dwarf-with-dsym";
				ENABLE_NS_ASSERTIONS = NO;
				ENABLE_STRICT_OBJC_MSGSEND = YES;
				GCC_C_LANGUAGE_STANDARD = gnu11;
				GCC_NO_COMMON_BLOCKS = YES;
				GCC_WARN_64_TO_32_BIT_CONVERSION = YES;
				GCC_WARN_ABOUT_RETURN_TYPE = YES_ERROR;
				GCC_WARN_UNDECLARED_SELECTOR = YES;
				GCC_WARN_UNINITIALIZED_AUTOS = YES_AGGRESSIVE;
				GCC_WARN_UNUSED_FUNCTION = YES;
				GCC_WARN_UNUSED_VARIABLE = YES;
				IPHONEOS_DEPLOYMENT_TARGET = 15.0;
				MTL_ENABLE_DEBUG_INFO = NO;
				MTL_FAST_MATH = YES;
				SDKROOT = iphoneos;
				SWIFT_COMPILATION_MODE = wholemodule;
				SWIFT_OPTIMIZATION_LEVEL = "-O";
				VALIDATE_PRODUCT = YES;
			};
			name = Release;
		};
		67555F0928B00EBF00177F82 /* Debug */ = {
			isa = XCBuildConfiguration;
			buildSettings = {
				ASSETCATALOG_COMPILER_APPICON_NAME = AppIcon;
				ASSETCATALOG_COMPILER_GLOBAL_ACCENT_COLOR_NAME = AccentColor;
				CODE_SIGN_STYLE = Automatic;
				CURRENT_PROJECT_VERSION = 1;
				DEVELOPMENT_ASSET_PATHS = "\"PokemonStat/Preview Content\"";
				DEVELOPMENT_TEAM = 52SG46DL66;
				ENABLE_PREVIEWS = YES;
				GENERATE_INFOPLIST_FILE = YES;
				INFOPLIST_FILE = PokemonStat/Info.plist;
				INFOPLIST_KEY_UIApplicationSceneManifest_Generation = YES;
				INFOPLIST_KEY_UIApplicationSupportsIndirectInputEvents = YES;
				INFOPLIST_KEY_UILaunchScreen_Generation = YES;
				INFOPLIST_KEY_UISupportedInterfaceOrientations_iPad = "UIInterfaceOrientationPortrait UIInterfaceOrientationPortraitUpsideDown UIInterfaceOrientationLandscapeLeft UIInterfaceOrientationLandscapeRight";
				INFOPLIST_KEY_UISupportedInterfaceOrientations_iPhone = "UIInterfaceOrientationPortrait UIInterfaceOrientationLandscapeLeft UIInterfaceOrientationLandscapeRight";
				LD_RUNPATH_SEARCH_PATHS = (
					"$(inherited)",
					"@executable_path/Frameworks",
				);
				MARKETING_VERSION = 1.0;
				PRODUCT_BUNDLE_IDENTIFIER = com.oguzcoskun.PokemonStat;
				PRODUCT_NAME = "$(TARGET_NAME)";
				SWIFT_EMIT_LOC_STRINGS = YES;
				SWIFT_VERSION = 5.0;
				TARGETED_DEVICE_FAMILY = "1,2";
			};
			name = Debug;
		};
		67555F0A28B00EBF00177F82 /* Release */ = {
			isa = XCBuildConfiguration;
			buildSettings = {
				ASSETCATALOG_COMPILER_APPICON_NAME = AppIcon;
				ASSETCATALOG_COMPILER_GLOBAL_ACCENT_COLOR_NAME = AccentColor;
				CODE_SIGN_STYLE = Automatic;
				CURRENT_PROJECT_VERSION = 1;
				DEVELOPMENT_ASSET_PATHS = "\"PokemonStat/Preview Content\"";
				DEVELOPMENT_TEAM = 52SG46DL66;
				ENABLE_PREVIEWS = YES;
				GENERATE_INFOPLIST_FILE = YES;
				INFOPLIST_FILE = PokemonStat/Info.plist;
				INFOPLIST_KEY_UIApplicationSceneManifest_Generation = YES;
				INFOPLIST_KEY_UIApplicationSupportsIndirectInputEvents = YES;
				INFOPLIST_KEY_UILaunchScreen_Generation = YES;
				INFOPLIST_KEY_UISupportedInterfaceOrientations_iPad = "UIInterfaceOrientationPortrait UIInterfaceOrientationPortraitUpsideDown UIInterfaceOrientationLandscapeLeft UIInterfaceOrientationLandscapeRight";
				INFOPLIST_KEY_UISupportedInterfaceOrientations_iPhone = "UIInterfaceOrientationPortrait UIInterfaceOrientationLandscapeLeft UIInterfaceOrientationLandscapeRight";
				LD_RUNPATH_SEARCH_PATHS = (
					"$(inherited)",
					"@executable_path/Frameworks",
				);
				MARKETING_VERSION = 1.0;
				PRODUCT_BUNDLE_IDENTIFIER = com.oguzcoskun.PokemonStat;
				PRODUCT_NAME = "$(TARGET_NAME)";
				SWIFT_EMIT_LOC_STRINGS = YES;
				SWIFT_VERSION = 5.0;
				TARGETED_DEVICE_FAMILY = "1,2";
			};
			name = Release;
		};
/* End XCBuildConfiguration section */

/* Begin XCConfigurationList section */
		67555EF528B00EBE00177F82 /* Build configuration list for PBXProject "PokemonStat" */ = {
			isa = XCConfigurationList;
			buildConfigurations = (
				67555F0628B00EBF00177F82 /* Debug */,
				67555F0728B00EBF00177F82 /* Release */,
			);
			defaultConfigurationIsVisible = 0;
			defaultConfigurationName = Release;
		};
		67555F0828B00EBF00177F82 /* Build configuration list for PBXNativeTarget "PokemonStat" */ = {
			isa = XCConfigurationList;
			buildConfigurations = (
				67555F0928B00EBF00177F82 /* Debug */,
				67555F0A28B00EBF00177F82 /* Release */,
			);
			defaultConfigurationIsVisible = 0;
			defaultConfigurationName = Release;
		};
/* End XCConfigurationList section */
	};
	rootObject = 67555EF228B00EBE00177F82 /* Project object */;
}
